
Microsoft Visual Studio Solution File, Format Version 12.00
# Visual Studio Version 17
VisualStudioVersion = 17.10.34902.84
MinimumVisualStudioVersion = 10.0.40219.1
Project("{9A19103F-16F7-4668-BE54-9A1E7A4F7556}") = "AnotherChatGUI", "AnotherChatGUI.csproj", "{355A4F33-C774-4442-A859-2B49D72C2879}"
EndProject
Project("{9A19103F-16F7-4668-BE54-9A1E7A4F7556}") = "Carbuncle-v4", "..\Carbuncle v4\Carbuncle-v4.csproj", "{63F8BB60-032C-4907-9789-E46C70DDA79B}"
EndProject
Project("{9A19103F-16F7-4668-BE54-9A1E7A4F7556}") = "NameServer", "..\Carbuncle\NameServer\NameServer.csproj", "{D2C721EB-DEA1-4209-89E3-30FAD75FB6B8}"
EndProject
Global
	GlobalSection(SolutionConfigurationPlatforms) = preSolution
		Debug|Any CPU = Debug|Any CPU
		Release|Any CPU = Release|Any CPU
	EndGlobalSection
	GlobalSection(ProjectConfigurationPlatforms) = postSolution
		{355A4F33-C774-4442-A859-2B49D72C2879}.Debug|Any CPU.ActiveCfg = Debug|Any CPU
		{355A4F33-C774-4442-A859-2B49D72C2879}.Debug|Any CPU.Build.0 = Debug|Any CPU
		{355A4F33-C774-4442-A859-2B49D72C2879}.Release|Any CPU.ActiveCfg = Release|Any CPU
		{355A4F33-C774-4442-A859-2B49D72C2879}.Release|Any CPU.Build.0 = Release|Any CPU
		{63F8BB60-032C-4907-9789-E46C70DDA79B}.Debug|Any CPU.ActiveCfg = Debug|Any CPU
		{63F8BB60-032C-4907-9789-E46C70DDA79B}.Debug|Any CPU.Build.0 = Debug|Any CPU
		{63F8BB60-032C-4907-9789-E46C70DDA79B}.Release|Any CPU.ActiveCfg = Release|Any CPU
		{63F8BB60-032C-4907-9789-E46C70DDA79B}.Release|Any CPU.Build.0 = Release|Any CPU
		{D2C721EB-DEA1-4209-89E3-30FAD75FB6B8}.Debug|Any CPU.ActiveCfg = Debug|Any CPU
		{D2C721EB-DEA1-4209-89E3-30FAD75FB6B8}.Debug|Any CPU.Build.0 = Debug|Any CPU
		{D2C721EB-DEA1-4209-89E3-30FAD75FB6B8}.Release|Any CPU.ActiveCfg = Release|Any CPU
		{D2C721EB-DEA1-4209-89E3-30FAD75FB6B8}.Release|Any CPU.Build.0 = Release|Any CPU
	EndGlobalSection
	GlobalSection(SolutionProperties) = preSolution
		HideSolutionNode = FALSE
	EndGlobalSection
	GlobalSection(ExtensibilityGlobals) = postSolution
		SolutionGuid = {0796CF6A-D1B7-4C33-96C0-FDA6E43C02C1}
	EndGlobalSection
EndGlobal
